
Microsoft Visual Studio Solution File, Format Version 12.00
# Visual Studio 2013
VisualStudioVersion = 12.0.30501.0
MinimumVisualStudioVersion = 10.0.40219.1
Project("{FAE04EC0-301F-11D3-BF4B-00C04F79EFBC}") = "Client", "WindowsFormsApplication1\Client.csproj", "{B6601CE6-3FAE-4DD5-AE8A-E35541479905}"
EndProject
Project("{FAE04EC0-301F-11D3-BF4B-00C04F79EFBC}") = "Server", "Server\Server.csproj", "{B8768B6D-2BCD-496F-ADBC-2137F9222E75}"
EndProject
Project("{FAE04EC0-301F-11D3-BF4B-00C04F79EFBC}") = "BlackJack", "BlackJack\BlackJack.csproj", "{0C3B691A-DB98-448F-994A-97F58B1C8038}"
EndProject
Global
	GlobalSection(SolutionConfigurationPlatforms) = preSolution
		Debug|Any CPU = Debug|Any CPU
		Release|Any CPU = Release|Any CPU
	EndGlobalSection
	GlobalSection(ProjectConfigurationPlatforms) = postSolution
		{B6601CE6-3FAE-4DD5-AE8A-E35541479905}.Debug|Any CPU.ActiveCfg = Debug|Any CPU
		{B6601CE6-3FAE-4DD5-AE8A-E35541479905}.Debug|Any CPU.Build.0 = Debug|Any CPU
		{B6601CE6-3FAE-4DD5-AE8A-E35541479905}.Release|Any CPU.ActiveCfg = Release|Any CPU
		{B6601CE6-3FAE-4DD5-AE8A-E35541479905}.Release|Any CPU.Build.0 = Release|Any CPU
		{B8768B6D-2BCD-496F-ADBC-2137F9222E75}.Debug|Any CPU.ActiveCfg = Debug|Any CPU
		{B8768B6D-2BCD-496F-ADBC-2137F9222E75}.Debug|Any CPU.Build.0 = Debug|Any CPU
		{B8768B6D-2BCD-496F-ADBC-2137F9222E75}.Release|Any CPU.ActiveCfg = Release|Any CPU
		{B8768B6D-2BCD-496F-ADBC-2137F9222E75}.Release|Any CPU.Build.0 = Release|Any CPU
		{0C3B691A-DB98-448F-994A-97F58B1C8038}.Debug|Any CPU.ActiveCfg = Debug|Any CPU
		{0C3B691A-DB98-448F-994A-97F58B1C8038}.Debug|Any CPU.Build.0 = Debug|Any CPU
		{0C3B691A-DB98-448F-994A-97F58B1C8038}.Release|Any CPU.ActiveCfg = Release|Any CPU
		{0C3B691A-DB98-448F-994A-97F58B1C8038}.Release|Any CPU.Build.0 = Release|Any CPU
	EndGlobalSection
	GlobalSection(SolutionProperties) = preSolution
		HideSolutionNode = FALSE
	EndGlobalSection
EndGlobal
